// !$*UTF8*$!
{
	archiveVersion = 1;
	classes = {
	};
	objectVersion = 46;
	objects = {

/* Begin PBXBuildFile section */
		209020D01C7D8B8000C857D9 /* AppDelegate.swift in Sources */ = {isa = PBXBuildFile; fileRef = 209020CF1C7D8B8000C857D9 /* AppDelegate.swift */; };
		209020D21C7D8B8000C857D9 /* ViewController.swift in Sources */ = {isa = PBXBuildFile; fileRef = 209020D11C7D8B8000C857D9 /* ViewController.swift */; };
		209020D51C7D8B8000C857D9 /* Main.storyboard in Resources */ = {isa = PBXBuildFile; fileRef = 209020D31C7D8B8000C857D9 /* Main.storyboard */; };
		209020D71C7D8B8000C857D9 /* Assets.xcassets in Resources */ = {isa = PBXBuildFile; fileRef = 209020D61C7D8B8000C857D9 /* Assets.xcassets */; };
		209020DA1C7D8B8100C857D9 /* LaunchScreen.storyboard in Resources */ = {isa = PBXBuildFile; fileRef = 209020D81C7D8B8100C857D9 /* LaunchScreen.storyboard */; };
		209020E51C7D8B8100C857D9 /* todoTests.swift in Sources */ = {isa = PBXBuildFile; fileRef = 209020E41C7D8B8100C857D9 /* todoTests.swift */; };
		209020F01C7D8B8100C857D9 /* todoUITests.swift in Sources */ = {isa = PBXBuildFile; fileRef = 209020EF1C7D8B8100C857D9 /* todoUITests.swift */; };
/* End PBXBuildFile section */

/* Begin PBXContainerItemProxy section */
		209020E11C7D8B8100C857D9 /* PBXContainerItemProxy */ = {
			isa = PBXContainerItemProxy;
			containerPortal = 209020C41C7D8B8000C857D9 /* Project object */;
			proxyType = 1;
			remoteGlobalIDString = 209020CB1C7D8B8000C857D9;
			remoteInfo = todo;
		};
		209020EC1C7D8B8100C857D9 /* PBXContainerItemProxy */ = {
			isa = PBXContainerItemProxy;
			containerPortal = 209020C41C7D8B8000C857D9 /* Project object */;
			proxyType = 1;
			remoteGlobalIDString = 209020CB1C7D8B8000C857D9;
			remoteInfo = todo;
		};
/* End PBXContainerItemProxy section */

/* Begin PBXFileReference section */
		209020CC1C7D8B8000C857D9 /* todo.app */ = {isa = PBXFileReference; explicitFileType = wrapper.application; includeInIndex = 0; path = todo.app; sourceTree = BUILT_PRODUCTS_DIR; };
		209020CF1C7D8B8000C857D9 /* AppDelegate.swift */ = {isa = PBXFileReference; lastKnownFileType = sourcecode.swift; path = AppDelegate.swift; sourceTree = "<group>"; };
		209020D11C7D8B8000C857D9 /* ViewController.swift */ = {isa = PBXFileReference; lastKnownFileType = sourcecode.swift; path = ViewController.swift; sourceTree = "<group>"; };
		209020D41C7D8B8000C857D9 /* Base */ = {isa = PBXFileReference; lastKnownFileType = file.storyboard; name = Base; path = Base.lproj/Main.storyboard; sourceTree = "<group>"; };
		209020D61C7D8B8000C857D9 /* Assets.xcassets */ = {isa = PBXFileReference; lastKnownFileType = folder.assetcatalog; path = Assets.xcassets; sourceTree = "<group>"; };
		209020D91C7D8B8100C857D9 /* Base */ = {isa = PBXFileReference; lastKnownFileType = file.storyboard; name = Base; path = Base.lproj/LaunchScreen.storyboard; sourceTree = "<group>"; };
		209020DB1C7D8B8100C857D9 /* Info.plist */ = {isa = PBXFileReference; lastKnownFileType = text.plist.xml; path = Info.plist; sourceTree = "<group>"; };
		209020E01C7D8B8100C857D9 /* todoTests.xctest */ = {isa = PBXFileReference; explicitFileType = wrapper.cfbundle; includeInIndex = 0; path = todoTests.xctest; sourceTree = BUILT_PRODUCTS_DIR; };
		209020E41C7D8B8100C857D9 /* todoTests.swift */ = {isa = PBXFileReference; lastKnownFileType = sourcecode.swift; path = todoTests.swift; sourceTree = "<group>"; };
		209020E61C7D8B8100C857D9 /* Info.plist */ = {isa = PBXFileReference; lastKnownFileType = text.plist.xml; path = Info.plist; sourceTree = "<group>"; };
		209020EB1C7D8B8100C857D9 /* todoUITests.xctest */ = {isa = PBXFileReference; explicitFileType = wrapper.cfbundle; includeInIndex = 0; path = todoUITests.xctest; sourceTree = BUILT_PRODUCTS_DIR; };
		209020EF1C7D8B8100C857D9 /* todoUITests.swift */ = {isa = PBXFileReference; lastKnownFileType = sourcecode.swift; path = todoUITests.swift; sourceTree = "<group>"; };
		209020F11C7D8B8100C857D9 /* Info.plist */ = {isa = PBXFileReference; lastKnownFileType = text.plist.xml; path = Info.plist; sourceTree = "<group>"; };
/* End PBXFileReference section */

/* Begin PBXFrameworksBuildPhase section */
		209020C91C7D8B8000C857D9 /* Frameworks */ = {
			isa = PBXFrameworksBuildPhase;
			buildActionMask = 2147483647;
			files = (
			);
			runOnlyForDeploymentPostprocessing = 0;
		};
		209020DD1C7D8B8100C857D9 /* Frameworks */ = {
			isa = PBXFrameworksBuildPhase;
			buildActionMask = 2147483647;
			files = (
			);
			runOnlyForDeploymentPostprocessing = 0;
		};
		209020E81C7D8B8100C857D9 /* Frameworks */ = {
			isa = PBXFrameworksBuildPhase;
			buildActionMask = 2147483647;
			files = (
			);
			runOnlyForDeploymentPostprocessing = 0;
		};
/* End PBXFrameworksBuildPhase section */

/* Begin PBXGroup section */
		209020C31C7D8B8000C857D9 = {
			isa = PBXGroup;
			children = (
				209020CE1C7D8B8000C857D9 /* todo */,
				209020E31C7D8B8100C857D9 /* todoTests */,
				209020EE1C7D8B8100C857D9 /* todoUITests */,
				209020CD1C7D8B8000C857D9 /* Products */,
			);
			sourceTree = "<group>";
		};
		209020CD1C7D8B8000C857D9 /* Products */ = {
			isa = PBXGroup;
			children = (
				209020CC1C7D8B8000C857D9 /* todo.app */,
				209020E01C7D8B8100C857D9 /* todoTests.xctest */,
				209020EB1C7D8B8100C857D9 /* todoUITests.xctest */,
			);
			name = Products;
			sourceTree = "<group>";
		};
		209020CE1C7D8B8000C857D9 /* todo */ = {
			isa = PBXGroup;
			children = (
				209020CF1C7D8B8000C857D9 /* AppDelegate.swift */,
				209020D11C7D8B8000C857D9 /* ViewController.swift */,
				209020D31C7D8B8000C857D9 /* Main.storyboard */,
				209020D61C7D8B8000C857D9 /* Assets.xcassets */,
				209020D81C7D8B8100C857D9 /* LaunchScreen.storyboard */,
				209020DB1C7D8B8100C857D9 /* Info.plist */,
			);
			path = todo;
			sourceTree = "<group>";
		};
		209020E31C7D8B8100C857D9 /* todoTests */ = {
			isa = PBXGroup;
			children = (
				209020E41C7D8B8100C857D9 /* todoTests.swift */,
				209020E61C7D8B8100C857D9 /* Info.plist */,
			);
			path = todoTests;
			sourceTree = "<group>";
		};
		209020EE1C7D8B8100C857D9 /* todoUITests */ = {
			isa = PBXGroup;
			children = (
				209020EF1C7D8B8100C857D9 /* todoUITests.swift */,
				209020F11C7D8B8100C857D9 /* Info.plist */,
			);
			path = todoUITests;
			sourceTree = "<group>";
		};
/* End PBXGroup section */

/* Begin PBXNativeTarget section */
		209020CB1C7D8B8000C857D9 /* todo */ = {
			isa = PBXNativeTarget;
			buildConfigurationList = 209020F41C7D8B8100C857D9 /* Build configuration list for PBXNativeTarget "todo" */;
			buildPhases = (
				209020C81C7D8B8000C857D9 /* Sources */,
				209020C91C7D8B8000C857D9 /* Frameworks */,
				209020CA1C7D8B8000C857D9 /* Resources */,
			);
			buildRules = (
			);
			dependencies = (
			);
			name = todo;
			productName = todo;
			productReference = 209020CC1C7D8B8000C857D9 /* todo.app */;
			productType = "com.apple.product-type.application";
		};
		209020DF1C7D8B8100C857D9 /* todoTests */ = {
			isa = PBXNativeTarget;
			buildConfigurationList = 209020F71C7D8B8100C857D9 /* Build configuration list for PBXNativeTarget "todoTests" */;
			buildPhases = (
				209020DC1C7D8B8100C857D9 /* Sources */,
				209020DD1C7D8B8100C857D9 /* Frameworks */,
				209020DE1C7D8B8100C857D9 /* Resources */,
			);
			buildRules = (
			);
			dependencies = (
				209020E21C7D8B8100C857D9 /* PBXTargetDependency */,
			);
			name = todoTests;
			productName = todoTests;
			productReference = 209020E01C7D8B8100C857D9 /* todoTests.xctest */;
			productType = "com.apple.product-type.bundle.unit-test";
		};
		209020EA1C7D8B8100C857D9 /* todoUITests */ = {
			isa = PBXNativeTarget;
			buildConfigurationList = 209020FA1C7D8B8100C857D9 /* Build configuration list for PBXNativeTarget "todoUITests" */;
			buildPhases = (
				209020E71C7D8B8100C857D9 /* Sources */,
				209020E81C7D8B8100C857D9 /* Frameworks */,
				209020E91C7D8B8100C857D9 /* Resources */,
			);
			buildRules = (
			);
			dependencies = (
				209020ED1C7D8B8100C857D9 /* PBXTargetDependency */,
			);
			name = todoUITests;
			productName = todoUITests;
			productReference = 209020EB1C7D8B8100C857D9 /* todoUITests.xctest */;
			productType = "com.apple.product-type.bundle.ui-testing";
		};
/* End PBXNativeTarget section */

/* Begin PBXProject section */
		209020C41C7D8B8000C857D9 /* Project object */ = {
			isa = PBXProject;
			attributes = {
				LastSwiftUpdateCheck = 0720;
				LastUpgradeCheck = 0720;
				ORGANIZATIONNAME = "iOS Decal";
				TargetAttributes = {
					209020CB1C7D8B8000C857D9 = {
						CreatedOnToolsVersion = 7.2;
					};
					209020DF1C7D8B8100C857D9 = {
						CreatedOnToolsVersion = 7.2;
						TestTargetID = 209020CB1C7D8B8000C857D9;
					};
					209020EA1C7D8B8100C857D9 = {
						CreatedOnToolsVersion = 7.2;
						TestTargetID = 209020CB1C7D8B8000C857D9;
					};
				};
			};
			buildConfigurationList = 209020C71C7D8B8000C857D9 /* Build configuration list for PBXProject "todo" */;
			compatibilityVersion = "Xcode 3.2";
			developmentRegion = English;
			hasScannedForEncodings = 0;
			knownRegions = (
				en,
				Base,
			);
			mainGroup = 209020C31C7D8B8000C857D9;
			productRefGroup = 209020CD1C7D8B8000C857D9 /* Products */;
			projectDirPath = "";
			projectRoot = "";
			targets = (
				209020CB1C7D8B8000C857D9 /* todo */,
				209020DF1C7D8B8100C857D9 /* todoTests */,
				209020EA1C7D8B8100C857D9 /* todoUITests */,
			);
		};
/* End PBXProject section */

/* Begin PBXResourcesBuildPhase section */
		209020CA1C7D8B8000C857D9 /* Resources */ = {
			isa = PBXResourcesBuildPhase;
			buildActionMask = 2147483647;
			files = (
				209020DA1C7D8B8100C857D9 /* LaunchScreen.storyboard in Resources */,
				209020D71C7D8B8000C857D9 /* Assets.xcassets in Resources */,
				209020D51C7D8B8000C857D9 /* Main.storyboard in Resources */,
			);
			runOnlyForDeploymentPostprocessing = 0;
		};
		209020DE1C7D8B8100C857D9 /* Resources */ = {
			isa = PBXResourcesBuildPhase;
			buildActionMask = 2147483647;
			files = (
			);
			runOnlyForDeploymentPostprocessing = 0;
		};
		209020E91C7D8B8100C857D9 /* Resources */ = {
			isa = PBXResourcesBuildPhase;
			buildActionMask = 2147483647;
			files = (
			);
			runOnlyForDeploymentPostprocessing = 0;
		};
/* End PBXResourcesBuildPhase section */

/* Begin PBXSourcesBuildPhase section */
		209020C81C7D8B8000C857D9 /* Sources */ = {
			isa = PBXSourcesBuildPhase;
			buildActionMask = 2147483647;
			files = (
				209020D21C7D8B8000C857D9 /* ViewController.swift in Sources */,
				209020D01C7D8B8000C857D9 /* AppDelegate.swift in Sources */,
			);
			runOnlyForDeploymentPostprocessing = 0;
		};
		209020DC1C7D8B8100C857D9 /* Sources */ = {
			isa = PBXSourcesBuildPhase;
			buildActionMask = 2147483647;
			files = (
				209020E51C7D8B8100C857D9 /* todoTests.swift in Sources */,
			);
			runOnlyForDeploymentPostprocessing = 0;
		};
		209020E71C7D8B8100C857D9 /* Sources */ = {
			isa = PBXSourcesBuildPhase;
			buildActionMask = 2147483647;
			files = (
				209020F01C7D8B8100C857D9 /* todoUITests.swift in Sources */,
			);
			runOnlyForDeploymentPostprocessing = 0;
		};
/* End PBXSourcesBuildPhase section */

/* Begin PBXTargetDependency section */
		209020E21C7D8B8100C857D9 /* PBXTargetDependency */ = {
			isa = PBXTargetDependency;
			target = 209020CB1C7D8B8000C857D9 /* todo */;
			targetProxy = 209020E11C7D8B8100C857D9 /* PBXContainerItemProxy */;
		};
		209020ED1C7D8B8100C857D9 /* PBXTargetDependency */ = {
			isa = PBXTargetDependency;
			target = 209020CB1C7D8B8000C857D9 /* todo */;
			targetProxy = 209020EC1C7D8B8100C857D9 /* PBXContainerItemProxy */;
		};
/* End PBXTargetDependency section */

/* Begin PBXVariantGroup section */
		209020D31C7D8B8000C857D9 /* Main.storyboard */ = {
			isa = PBXVariantGroup;
			children = (
				209020D41C7D8B8000C857D9 /* Base */,
			);
			name = Main.storyboard;
			sourceTree = "<group>";
		};
		209020D81C7D8B8100C857D9 /* LaunchScreen.storyboard */ = {
			isa = PBXVariantGroup;
			children = (
				209020D91C7D8B8100C857D9 /* Base */,
			);
			name = LaunchScreen.storyboard;
			sourceTree = "<group>";
		};
/* End PBXVariantGroup section */

/* Begin XCBuildConfiguration section */
		209020F21C7D8B8100C857D9 /* Debug */ = {
			isa = XCBuildConfiguration;
			buildSettings = {
				ALWAYS_SEARCH_USER_PATHS = NO;
				CLANG_CXX_LANGUAGE_STANDARD = "gnu++0x";
				CLANG_CXX_LIBRARY = "libc++";
				CLANG_ENABLE_MODULES = YES;
				CLANG_ENABLE_OBJC_ARC = YES;
				CLANG_WARN_BOOL_CONVERSION = YES;
				CLANG_WARN_CONSTANT_CONVERSION = YES;
				CLANG_WARN_DIRECT_OBJC_ISA_USAGE = YES_ERROR;
				CLANG_WARN_EMPTY_BODY = YES;
				CLANG_WARN_ENUM_CONVERSION = YES;
				CLANG_WARN_INT_CONVERSION = YES;
				CLANG_WARN_OBJC_ROOT_CLASS = YES_ERROR;
				CLANG_WARN_UNREACHABLE_CODE = YES;
				CLANG_WARN__DUPLICATE_METHOD_MATCH = YES;
				"CODE_SIGN_IDENTITY[sdk=iphoneos*]" = "iPhone Developer";
				COPY_PHASE_STRIP = NO;
				DEBUG_INFORMATION_FORMAT = dwarf;
				ENABLE_STRICT_OBJC_MSGSEND = YES;
				ENABLE_TESTABILITY = YES;
				GCC_C_LANGUAGE_STANDARD = gnu99;
				GCC_DYNAMIC_NO_PIC = NO;
				GCC_NO_COMMON_BLOCKS = YES;
				GCC_OPTIMIZATION_LEVEL = 0;
				GCC_PREPROCESSOR_DEFINITIONS = (
					"DEBUG=1",
					"$(inherited)",
				);
				GCC_WARN_64_TO_32_BIT_CONVERSION = YES;
				GCC_WARN_ABOUT_RETURN_TYPE = YES_ERROR;
				GCC_WARN_UNDECLARED_SELECTOR = YES;
				GCC_WARN_UNINITIALIZED_AUTOS = YES_AGGRESSIVE;
				GCC_WARN_UNUSED_FUNCTION = YES;
				GCC_WARN_UNUSED_VARIABLE = YES;
				IPHONEOS_DEPLOYMENT_TARGET = 9.2;
				MTL_ENABLE_DEBUG_INFO = YES;
				ONLY_ACTIVE_ARCH = YES;
				SDKROOT = iphoneos;
				SWIFT_OPTIMIZATION_LEVEL = "-Onone";
				TARGETED_DEVICE_FAMILY = "1,2";
			};
			name = Debug;
		};
		209020F31C7D8B8100C857D9 /* Release */ = {
			isa = XCBuildConfiguration;
			buildSettings = {
				ALWAYS_SEARCH_USER_PATHS = NO;
				CLANG_CXX_LANGUAGE_STANDARD = "gnu++0x";
				CLANG_CXX_LIBRARY = "libc++";
				CLANG_ENABLE_MODULES = YES;
				CLANG_ENABLE_OBJC_ARC = YES;
				CLANG_WARN_BOOL_CONVERSION = YES;
				CLANG_WARN_CONSTANT_CONVERSION = YES;
				CLANG_WARN_DIRECT_OBJC_ISA_USAGE = YES_ERROR;
				CLANG_WARN_EMPTY_BODY = YES;
				CLANG_WARN_ENUM_CONVERSION = YES;
				CLANG_WARN_INT_CONVERSION = YES;
				CLANG_WARN_OBJC_ROOT_CLASS = YES_ERROR;
				CLANG_WARN_UNREACHABLE_CODE = YES;
				CLANG_WARN__DUPLICATE_METHOD_MATCH = YES;
				"CODE_SIGN_IDENTITY[sdk=iphoneos*]" = "iPhone Developer";
				COPY_PHASE_STRIP = NO;
				DEBUG_INFORMATION_FORMAT = "dwarf-with-dsym";
				ENABLE_NS_ASSERTIONS = NO;
				ENABLE_STRICT_OBJC_MSGSEND = YES;
				GCC_C_LANGUAGE_STANDARD = gnu99;
				GCC_NO_COMMON_BLOCKS = YES;
				GCC_WARN_64_TO_32_BIT_CONVERSION = YES;
				GCC_WARN_ABOUT_RETURN_TYPE = YES_ERROR;
				GCC_WARN_UNDECLARED_SELECTOR = YES;
				GCC_WARN_UNINITIALIZED_AUTOS = YES_AGGRESSIVE;
				GCC_WARN_UNUSED_FUNCTION = YES;
				GCC_WARN_UNUSED_VARIABLE = YES;
				IPHONEOS_DEPLOYMENT_TARGET = 9.2;
				MTL_ENABLE_DEBUG_INFO = NO;
				SDKROOT = iphoneos;
				TARGETED_DEVICE_FAMILY = "1,2";
				VALIDATE_PRODUCT = YES;
			};
			name = Release;
		};
		209020F51C7D8B8100C857D9 /* Debug */ = {
			isa = XCBuildConfiguration;
			buildSettings = {
				ASSETCATALOG_COMPILER_APPICON_NAME = AppIcon;
				INFOPLIST_FILE = todo/Info.plist;
				LD_RUNPATH_SEARCH_PATHS = "$(inherited) @executable_path/Frameworks";
				PRODUCT_BUNDLE_IDENTIFIER = cs198.todo;
				PRODUCT_NAME = "$(TARGET_NAME)";
			};
			name = Debug;
		};
		209020F61C7D8B8100C857D9 /* Release */ = {
			isa = XCBuildConfiguration;
			buildSettings = {
				ASSETCATALOG_COMPILER_APPICON_NAME = AppIcon;
				INFOPLIST_FILE = todo/Info.plist;
				LD_RUNPATH_SEARCH_PATHS = "$(inherited) @executable_path/Frameworks";
				PRODUCT_BUNDLE_IDENTIFIER = cs198.todo;
				PRODUCT_NAME = "$(TARGET_NAME)";
			};
			name = Release;
		};
		209020F81C7D8B8100C857D9 /* Debug */ = {
			isa = XCBuildConfiguration;
			buildSettings = {
				BUNDLE_LOADER = "$(TEST_HOST)";
				INFOPLIST_FILE = todoTests/Info.plist;
				LD_RUNPATH_SEARCH_PATHS = "$(inherited) @executable_path/Frameworks @loader_path/Frameworks";
				PRODUCT_BUNDLE_IDENTIFIER = cs198.todoTests;
				PRODUCT_NAME = "$(TARGET_NAME)";
				TEST_HOST = "$(BUILT_PRODUCTS_DIR)/todo.app/todo";
			};
			name = Debug;
		};
		209020F91C7D8B8100C857D9 /* Release */ = {
			isa = XCBuildConfiguration;
			buildSettings = {
				BUNDLE_LOADER = "$(TEST_HOST)";
				INFOPLIST_FILE = todoTests/Info.plist;
				LD_RUNPATH_SEARCH_PATHS = "$(inherited) @executable_path/Frameworks @loader_path/Frameworks";
				PRODUCT_BUNDLE_IDENTIFIER = cs198.todoTests;
				PRODUCT_NAME = "$(TARGET_NAME)";
				TEST_HOST = "$(BUILT_PRODUCTS_DIR)/todo.app/todo";
			};
			name = Release;
		};
		209020FB1C7D8B8100C857D9 /* Debug */ = {
			isa = XCBuildConfiguration;
			buildSettings = {
				INFOPLIST_FILE = todoUITests/Info.plist;
				LD_RUNPATH_SEARCH_PATHS = "$(inherited) @executable_path/Frameworks @loader_path/Frameworks";
				PRODUCT_BUNDLE_IDENTIFIER = cs198.todoUITests;
				PRODUCT_NAME = "$(TARGET_NAME)";
				TEST_TARGET_NAME = todo;
				USES_XCTRUNNER = YES;
			};
			name = Debug;
		};
		209020FC1C7D8B8100C857D9 /* Release */ = {
			isa = XCBuildConfiguration;
			buildSettings = {
				INFOPLIST_FILE = todoUITests/Info.plist;
				LD_RUNPATH_SEARCH_PATHS = "$(inherited) @executable_path/Frameworks @loader_path/Frameworks";
				PRODUCT_BUNDLE_IDENTIFIER = cs198.todoUITests;
				PRODUCT_NAME = "$(TARGET_NAME)";
				TEST_TARGET_NAME = todo;
				USES_XCTRUNNER = YES;
			};
			name = Release;
		};
/* End XCBuildConfiguration section */

/* Begin XCConfigurationList section */
		209020C71C7D8B8000C857D9 /* Build configuration list for PBXProject "todo" */ = {
			isa = XCConfigurationList;
			buildConfigurations = (
				209020F21C7D8B8100C857D9 /* Debug */,
				209020F31C7D8B8100C857D9 /* Release */,
			);
			defaultConfigurationIsVisible = 0;
			defaultConfigurationName = Release;
		};
		209020F41C7D8B8100C857D9 /* Build configuration list for PBXNativeTarget "todo" */ = {
			isa = XCConfigurationList;
			buildConfigurations = (
				209020F51C7D8B8100C857D9 /* Debug */,
				209020F61C7D8B8100C857D9 /* Release */,
			);
			defaultConfigurationIsVisible = 0;
		};
		209020F71C7D8B8100C857D9 /* Build configuration list for PBXNativeTarget "todoTests" */ = {
			isa = XCConfigurationList;
			buildConfigurations = (
				209020F81C7D8B8100C857D9 /* Debug */,
				209020F91C7D8B8100C857D9 /* Release */,
			);
			defaultConfigurationIsVisible = 0;
		};
		209020FA1C7D8B8100C857D9 /* Build configuration list for PBXNativeTarget "todoUITests" */ = {
			isa = XCConfigurationList;
			buildConfigurations = (
				209020FB1C7D8B8100C857D9 /* Debug */,
				209020FC1C7D8B8100C857D9 /* Release */,
			);
			defaultConfigurationIsVisible = 0;
		};
/* End XCConfigurationList section */
	};
	rootObject = 209020C41C7D8B8000C857D9 /* Project object */;
}
