// !$*UTF8*$!
{
	archiveVersion = 1;
	classes = {
	};
	objectVersion = 46;
	objects = {

/* Begin PBXBuildFile section */
		202E94271C7D8F4E00C88104 /* AppDelegate.swift in Sources */ = {isa = PBXBuildFile; fileRef = 202E94261C7D8F4E00C88104 /* AppDelegate.swift */; };
		202E94291C7D8F4E00C88104 /* ViewController.swift in Sources */ = {isa = PBXBuildFile; fileRef = 202E94281C7D8F4E00C88104 /* ViewController.swift */; };
		202E942C1C7D8F4E00C88104 /* Main.storyboard in Resources */ = {isa = PBXBuildFile; fileRef = 202E942A1C7D8F4E00C88104 /* Main.storyboard */; };
		202E942E1C7D8F4E00C88104 /* Assets.xcassets in Resources */ = {isa = PBXBuildFile; fileRef = 202E942D1C7D8F4E00C88104 /* Assets.xcassets */; };
		202E94311C7D8F4E00C88104 /* LaunchScreen.storyboard in Resources */ = {isa = PBXBuildFile; fileRef = 202E942F1C7D8F4E00C88104 /* LaunchScreen.storyboard */; };
		202E943C1C7D8F4F00C88104 /* todolist2Tests.swift in Sources */ = {isa = PBXBuildFile; fileRef = 202E943B1C7D8F4F00C88104 /* todolist2Tests.swift */; };
		202E94471C7D8F4F00C88104 /* todolist2UITests.swift in Sources */ = {isa = PBXBuildFile; fileRef = 202E94461C7D8F4F00C88104 /* todolist2UITests.swift */; };
		205CA1641C7ED23D002F7302 /* ToDoListTableViewController.swift in Sources */ = {isa = PBXBuildFile; fileRef = 205CA1631C7ED23D002F7302 /* ToDoListTableViewController.swift */; };
		205CA1661C7ED782002F7302 /* TodoDetailViewController.swift in Sources */ = {isa = PBXBuildFile; fileRef = 205CA1651C7ED782002F7302 /* TodoDetailViewController.swift */; };
		209323E81C817A2600AF7244 /* ChecklistItem.swift in Sources */ = {isa = PBXBuildFile; fileRef = 209323E61C80D09300AF7244 /* ChecklistItem.swift */; };
/* End PBXBuildFile section */

/* Begin PBXContainerItemProxy section */
		202E94381C7D8F4F00C88104 /* PBXContainerItemProxy */ = {
			isa = PBXContainerItemProxy;
			containerPortal = 202E941B1C7D8F4E00C88104 /* Project object */;
			proxyType = 1;
			remoteGlobalIDString = 202E94221C7D8F4E00C88104;
			remoteInfo = todolist2;
		};
		202E94431C7D8F4F00C88104 /* PBXContainerItemProxy */ = {
			isa = PBXContainerItemProxy;
			containerPortal = 202E941B1C7D8F4E00C88104 /* Project object */;
			proxyType = 1;
			remoteGlobalIDString = 202E94221C7D8F4E00C88104;
			remoteInfo = todolist2;
		};
/* End PBXContainerItemProxy section */

/* Begin PBXFileReference section */
		202E94231C7D8F4E00C88104 /* todolist2.app */ = {isa = PBXFileReference; explicitFileType = wrapper.application; includeInIndex = 0; path = todolist2.app; sourceTree = BUILT_PRODUCTS_DIR; };
		202E94261C7D8F4E00C88104 /* AppDelegate.swift */ = {isa = PBXFileReference; lastKnownFileType = sourcecode.swift; path = AppDelegate.swift; sourceTree = "<group>"; };
		202E94281C7D8F4E00C88104 /* ViewController.swift */ = {isa = PBXFileReference; lastKnownFileType = sourcecode.swift; path = ViewController.swift; sourceTree = "<group>"; };
		202E942B1C7D8F4E00C88104 /* Base */ = {isa = PBXFileReference; lastKnownFileType = file.storyboard; name = Base; path = Base.lproj/Main.storyboard; sourceTree = "<group>"; };
		202E942D1C7D8F4E00C88104 /* Assets.xcassets */ = {isa = PBXFileReference; lastKnownFileType = folder.assetcatalog; path = Assets.xcassets; sourceTree = "<group>"; };
		202E94301C7D8F4E00C88104 /* Base */ = {isa = PBXFileReference; lastKnownFileType = file.storyboard; name = Base; path = Base.lproj/LaunchScreen.storyboard; sourceTree = "<group>"; };
		202E94321C7D8F4E00C88104 /* Info.plist */ = {isa = PBXFileReference; lastKnownFileType = text.plist.xml; path = Info.plist; sourceTree = "<group>"; };
		202E94371C7D8F4F00C88104 /* todolist2Tests.xctest */ = {isa = PBXFileReference; explicitFileType = wrapper.cfbundle; includeInIndex = 0; path = todolist2Tests.xctest; sourceTree = BUILT_PRODUCTS_DIR; };
		202E943B1C7D8F4F00C88104 /* todolist2Tests.swift */ = {isa = PBXFileReference; lastKnownFileType = sourcecode.swift; path = todolist2Tests.swift; sourceTree = "<group>"; };
		202E943D1C7D8F4F00C88104 /* Info.plist */ = {isa = PBXFileReference; lastKnownFileType = text.plist.xml; path = Info.plist; sourceTree = "<group>"; };
		202E94421C7D8F4F00C88104 /* todolist2UITests.xctest */ = {isa = PBXFileReference; explicitFileType = wrapper.cfbundle; includeInIndex = 0; path = todolist2UITests.xctest; sourceTree = BUILT_PRODUCTS_DIR; };
		202E94461C7D8F4F00C88104 /* todolist2UITests.swift */ = {isa = PBXFileReference; lastKnownFileType = sourcecode.swift; path = todolist2UITests.swift; sourceTree = "<group>"; };
		202E94481C7D8F4F00C88104 /* Info.plist */ = {isa = PBXFileReference; lastKnownFileType = text.plist.xml; path = Info.plist; sourceTree = "<group>"; };
		205CA1631C7ED23D002F7302 /* ToDoListTableViewController.swift */ = {isa = PBXFileReference; fileEncoding = 4; lastKnownFileType = sourcecode.swift; path = ToDoListTableViewController.swift; sourceTree = "<group>"; };
		205CA1651C7ED782002F7302 /* TodoDetailViewController.swift */ = {isa = PBXFileReference; fileEncoding = 4; lastKnownFileType = sourcecode.swift; path = TodoDetailViewController.swift; sourceTree = "<group>"; };
		209323E61C80D09300AF7244 /* ChecklistItem.swift */ = {isa = PBXFileReference; fileEncoding = 4; lastKnownFileType = sourcecode.swift; path = ChecklistItem.swift; sourceTree = "<group>"; };
/* End PBXFileReference section */

/* Begin PBXFrameworksBuildPhase section */
		202E94201C7D8F4E00C88104 /* Frameworks */ = {
			isa = PBXFrameworksBuildPhase;
			buildActionMask = 2147483647;
			files = (
			);
			runOnlyForDeploymentPostprocessing = 0;
		};
		202E94341C7D8F4F00C88104 /* Frameworks */ = {
			isa = PBXFrameworksBuildPhase;
			buildActionMask = 2147483647;
			files = (
			);
			runOnlyForDeploymentPostprocessing = 0;
		};
		202E943F1C7D8F4F00C88104 /* Frameworks */ = {
			isa = PBXFrameworksBuildPhase;
			buildActionMask = 2147483647;
			files = (
			);
			runOnlyForDeploymentPostprocessing = 0;
		};
/* End PBXFrameworksBuildPhase section */

/* Begin PBXGroup section */
		202E941A1C7D8F4E00C88104 = {
			isa = PBXGroup;
			children = (
				202E94251C7D8F4E00C88104 /* todolist2 */,
				202E943A1C7D8F4F00C88104 /* todolist2Tests */,
				202E94451C7D8F4F00C88104 /* todolist2UITests */,
				202E94241C7D8F4E00C88104 /* Products */,
			);
			sourceTree = "<group>";
		};
		202E94241C7D8F4E00C88104 /* Products */ = {
			isa = PBXGroup;
			children = (
				202E94231C7D8F4E00C88104 /* todolist2.app */,
				202E94371C7D8F4F00C88104 /* todolist2Tests.xctest */,
				202E94421C7D8F4F00C88104 /* todolist2UITests.xctest */,
			);
			name = Products;
			sourceTree = "<group>";
		};
		202E94251C7D8F4E00C88104 /* todolist2 */ = {
			isa = PBXGroup;
			children = (
				202E94261C7D8F4E00C88104 /* AppDelegate.swift */,
				202E94281C7D8F4E00C88104 /* ViewController.swift */,
				202E942A1C7D8F4E00C88104 /* Main.storyboard */,
				205CA1651C7ED782002F7302 /* TodoDetailViewController.swift */,
				205CA1631C7ED23D002F7302 /* ToDoListTableViewController.swift */,
				209323E61C80D09300AF7244 /* ChecklistItem.swift */,
				202E942D1C7D8F4E00C88104 /* Assets.xcassets */,
				202E942F1C7D8F4E00C88104 /* LaunchScreen.storyboard */,
				202E94321C7D8F4E00C88104 /* Info.plist */,
			);
			path = todolist2;
			sourceTree = "<group>";
		};
		202E943A1C7D8F4F00C88104 /* todolist2Tests */ = {
			isa = PBXGroup;
			children = (
				202E943B1C7D8F4F00C88104 /* todolist2Tests.swift */,
				202E943D1C7D8F4F00C88104 /* Info.plist */,
			);
			path = todolist2Tests;
			sourceTree = "<group>";
		};
		202E94451C7D8F4F00C88104 /* todolist2UITests */ = {
			isa = PBXGroup;
			children = (
				202E94461C7D8F4F00C88104 /* todolist2UITests.swift */,
				202E94481C7D8F4F00C88104 /* Info.plist */,
			);
			path = todolist2UITests;
			sourceTree = "<group>";
		};
/* End PBXGroup section */

/* Begin PBXNativeTarget section */
		202E94221C7D8F4E00C88104 /* todolist2 */ = {
			isa = PBXNativeTarget;
			buildConfigurationList = 202E944B1C7D8F4F00C88104 /* Build configuration list for PBXNativeTarget "todolist2" */;
			buildPhases = (
				202E941F1C7D8F4E00C88104 /* Sources */,
				202E94201C7D8F4E00C88104 /* Frameworks */,
				202E94211C7D8F4E00C88104 /* Resources */,
			);
			buildRules = (
			);
			dependencies = (
			);
			name = todolist2;
			productName = todolist2;
			productReference = 202E94231C7D8F4E00C88104 /* todolist2.app */;
			productType = "com.apple.product-type.application";
		};
		202E94361C7D8F4F00C88104 /* todolist2Tests */ = {
			isa = PBXNativeTarget;
			buildConfigurationList = 202E944E1C7D8F4F00C88104 /* Build configuration list for PBXNativeTarget "todolist2Tests" */;
			buildPhases = (
				202E94331C7D8F4F00C88104 /* Sources */,
				202E94341C7D8F4F00C88104 /* Frameworks */,
				202E94351C7D8F4F00C88104 /* Resources */,
			);
			buildRules = (
			);
			dependencies = (
				202E94391C7D8F4F00C88104 /* PBXTargetDependency */,
			);
			name = todolist2Tests;
			productName = todolist2Tests;
			productReference = 202E94371C7D8F4F00C88104 /* todolist2Tests.xctest */;
			productType = "com.apple.product-type.bundle.unit-test";
		};
		202E94411C7D8F4F00C88104 /* todolist2UITests */ = {
			isa = PBXNativeTarget;
			buildConfigurationList = 202E94511C7D8F4F00C88104 /* Build configuration list for PBXNativeTarget "todolist2UITests" */;
			buildPhases = (
				202E943E1C7D8F4F00C88104 /* Sources */,
				202E943F1C7D8F4F00C88104 /* Frameworks */,
				202E94401C7D8F4F00C88104 /* Resources */,
			);
			buildRules = (
			);
			dependencies = (
				202E94441C7D8F4F00C88104 /* PBXTargetDependency */,
			);
			name = todolist2UITests;
			productName = todolist2UITests;
			productReference = 202E94421C7D8F4F00C88104 /* todolist2UITests.xctest */;
			productType = "com.apple.product-type.bundle.ui-testing";
		};
/* End PBXNativeTarget section */

/* Begin PBXProject section */
		202E941B1C7D8F4E00C88104 /* Project object */ = {
			isa = PBXProject;
			attributes = {
				LastSwiftUpdateCheck = 0720;
				LastUpgradeCheck = 0720;
				ORGANIZATIONNAME = "iOS Decal";
				TargetAttributes = {
					202E94221C7D8F4E00C88104 = {
						CreatedOnToolsVersion = 7.2;
					};
					202E94361C7D8F4F00C88104 = {
						CreatedOnToolsVersion = 7.2;
						TestTargetID = 202E94221C7D8F4E00C88104;
					};
					202E94411C7D8F4F00C88104 = {
						CreatedOnToolsVersion = 7.2;
						TestTargetID = 202E94221C7D8F4E00C88104;
					};
				};
			};
			buildConfigurationList = 202E941E1C7D8F4E00C88104 /* Build configuration list for PBXProject "todolist2" */;
			compatibilityVersion = "Xcode 3.2";
			developmentRegion = English;
			hasScannedForEncodings = 0;
			knownRegions = (
				en,
				Base,
			);
			mainGroup = 202E941A1C7D8F4E00C88104;
			productRefGroup = 202E94241C7D8F4E00C88104 /* Products */;
			projectDirPath = "";
			projectRoot = "";
			targets = (
				202E94221C7D8F4E00C88104 /* todolist2 */,
				202E94361C7D8F4F00C88104 /* todolist2Tests */,
				202E94411C7D8F4F00C88104 /* todolist2UITests */,
			);
		};
/* End PBXProject section */

/* Begin PBXResourcesBuildPhase section */
		202E94211C7D8F4E00C88104 /* Resources */ = {
			isa = PBXResourcesBuildPhase;
			buildActionMask = 2147483647;
			files = (
				202E94311C7D8F4E00C88104 /* LaunchScreen.storyboard in Resources */,
				202E942E1C7D8F4E00C88104 /* Assets.xcassets in Resources */,
				202E942C1C7D8F4E00C88104 /* Main.storyboard in Resources */,
			);
			runOnlyForDeploymentPostprocessing = 0;
		};
		202E94351C7D8F4F00C88104 /* Resources */ = {
			isa = PBXResourcesBuildPhase;
			buildActionMask = 2147483647;
			files = (
			);
			runOnlyForDeploymentPostprocessing = 0;
		};
		202E94401C7D8F4F00C88104 /* Resources */ = {
			isa = PBXResourcesBuildPhase;
			buildActionMask = 2147483647;
			files = (
			);
			runOnlyForDeploymentPostprocessing = 0;
		};
/* End PBXResourcesBuildPhase section */

/* Begin PBXSourcesBuildPhase section */
		202E941F1C7D8F4E00C88104 /* Sources */ = {
			isa = PBXSourcesBuildPhase;
			buildActionMask = 2147483647;
			files = (
				209323E81C817A2600AF7244 /* ChecklistItem.swift in Sources */,
				202E94291C7D8F4E00C88104 /* ViewController.swift in Sources */,
				205CA1661C7ED782002F7302 /* TodoDetailViewController.swift in Sources */,
				202E94271C7D8F4E00C88104 /* AppDelegate.swift in Sources */,
				205CA1641C7ED23D002F7302 /* ToDoListTableViewController.swift in Sources */,
			);
			runOnlyForDeploymentPostprocessing = 0;
		};
		202E94331C7D8F4F00C88104 /* Sources */ = {
			isa = PBXSourcesBuildPhase;
			buildActionMask = 2147483647;
			files = (
				202E943C1C7D8F4F00C88104 /* todolist2Tests.swift in Sources */,
			);
			runOnlyForDeploymentPostprocessing = 0;
		};
		202E943E1C7D8F4F00C88104 /* Sources */ = {
			isa = PBXSourcesBuildPhase;
			buildActionMask = 2147483647;
			files = (
				202E94471C7D8F4F00C88104 /* todolist2UITests.swift in Sources */,
			);
			runOnlyForDeploymentPostprocessing = 0;
		};
/* End PBXSourcesBuildPhase section */

/* Begin PBXTargetDependency section */
		202E94391C7D8F4F00C88104 /* PBXTargetDependency */ = {
			isa = PBXTargetDependency;
			target = 202E94221C7D8F4E00C88104 /* todolist2 */;
			targetProxy = 202E94381C7D8F4F00C88104 /* PBXContainerItemProxy */;
		};
		202E94441C7D8F4F00C88104 /* PBXTargetDependency */ = {
			isa = PBXTargetDependency;
			target = 202E94221C7D8F4E00C88104 /* todolist2 */;
			targetProxy = 202E94431C7D8F4F00C88104 /* PBXContainerItemProxy */;
		};
/* End PBXTargetDependency section */

/* Begin PBXVariantGroup section */
		202E942A1C7D8F4E00C88104 /* Main.storyboard */ = {
			isa = PBXVariantGroup;
			children = (
				202E942B1C7D8F4E00C88104 /* Base */,
			);
			name = Main.storyboard;
			sourceTree = "<group>";
		};
		202E942F1C7D8F4E00C88104 /* LaunchScreen.storyboard */ = {
			isa = PBXVariantGroup;
			children = (
				202E94301C7D8F4E00C88104 /* Base */,
			);
			name = LaunchScreen.storyboard;
			sourceTree = "<group>";
		};
/* End PBXVariantGroup section */

/* Begin XCBuildConfiguration section */
		202E94491C7D8F4F00C88104 /* Debug */ = {
			isa = XCBuildConfiguration;
			buildSettings = {
				ALWAYS_SEARCH_USER_PATHS = NO;
				CLANG_CXX_LANGUAGE_STANDARD = "gnu++0x";
				CLANG_CXX_LIBRARY = "libc++";
				CLANG_ENABLE_MODULES = YES;
				CLANG_ENABLE_OBJC_ARC = YES;
				CLANG_WARN_BOOL_CONVERSION = YES;
				CLANG_WARN_CONSTANT_CONVERSION = YES;
				CLANG_WARN_DIRECT_OBJC_ISA_USAGE = YES_ERROR;
				CLANG_WARN_EMPTY_BODY = YES;
				CLANG_WARN_ENUM_CONVERSION = YES;
				CLANG_WARN_INT_CONVERSION = YES;
				CLANG_WARN_OBJC_ROOT_CLASS = YES_ERROR;
				CLANG_WARN_UNREACHABLE_CODE = YES;
				CLANG_WARN__DUPLICATE_METHOD_MATCH = YES;
				"CODE_SIGN_IDENTITY[sdk=iphoneos*]" = "iPhone Developer";
				COPY_PHASE_STRIP = NO;
				DEBUG_INFORMATION_FORMAT = dwarf;
				ENABLE_STRICT_OBJC_MSGSEND = YES;
				ENABLE_TESTABILITY = YES;
				GCC_C_LANGUAGE_STANDARD = gnu99;
				GCC_DYNAMIC_NO_PIC = NO;
				GCC_NO_COMMON_BLOCKS = YES;
				GCC_OPTIMIZATION_LEVEL = 0;
				GCC_PREPROCESSOR_DEFINITIONS = (
					"DEBUG=1",
					"$(inherited)",
				);
				GCC_WARN_64_TO_32_BIT_CONVERSION = YES;
				GCC_WARN_ABOUT_RETURN_TYPE = YES_ERROR;
				GCC_WARN_UNDECLARED_SELECTOR = YES;
				GCC_WARN_UNINITIALIZED_AUTOS = YES_AGGRESSIVE;
				GCC_WARN_UNUSED_FUNCTION = YES;
				GCC_WARN_UNUSED_VARIABLE = YES;
				IPHONEOS_DEPLOYMENT_TARGET = 9.2;
				MTL_ENABLE_DEBUG_INFO = YES;
				ONLY_ACTIVE_ARCH = YES;
				SDKROOT = iphoneos;
				SWIFT_OPTIMIZATION_LEVEL = "-Onone";
				TARGETED_DEVICE_FAMILY = "1,2";
			};
			name = Debug;
		};
		202E944A1C7D8F4F00C88104 /* Release */ = {
			isa = XCBuildConfiguration;
			buildSettings = {
				ALWAYS_SEARCH_USER_PATHS = NO;
				CLANG_CXX_LANGUAGE_STANDARD = "gnu++0x";
				CLANG_CXX_LIBRARY = "libc++";
				CLANG_ENABLE_MODULES = YES;
				CLANG_ENABLE_OBJC_ARC = YES;
				CLANG_WARN_BOOL_CONVERSION = YES;
				CLANG_WARN_CONSTANT_CONVERSION = YES;
				CLANG_WARN_DIRECT_OBJC_ISA_USAGE = YES_ERROR;
				CLANG_WARN_EMPTY_BODY = YES;
				CLANG_WARN_ENUM_CONVERSION = YES;
				CLANG_WARN_INT_CONVERSION = YES;
				CLANG_WARN_OBJC_ROOT_CLASS = YES_ERROR;
				CLANG_WARN_UNREACHABLE_CODE = YES;
				CLANG_WARN__DUPLICATE_METHOD_MATCH = YES;
				"CODE_SIGN_IDENTITY[sdk=iphoneos*]" = "iPhone Developer";
				COPY_PHASE_STRIP = NO;
				DEBUG_INFORMATION_FORMAT = "dwarf-with-dsym";
				ENABLE_NS_ASSERTIONS = NO;
				ENABLE_STRICT_OBJC_MSGSEND = YES;
				GCC_C_LANGUAGE_STANDARD = gnu99;
				GCC_NO_COMMON_BLOCKS = YES;
				GCC_WARN_64_TO_32_BIT_CONVERSION = YES;
				GCC_WARN_ABOUT_RETURN_TYPE = YES_ERROR;
				GCC_WARN_UNDECLARED_SELECTOR = YES;
				GCC_WARN_UNINITIALIZED_AUTOS = YES_AGGRESSIVE;
				GCC_WARN_UNUSED_FUNCTION = YES;
				GCC_WARN_UNUSED_VARIABLE = YES;
				IPHONEOS_DEPLOYMENT_TARGET = 9.2;
				MTL_ENABLE_DEBUG_INFO = NO;
				SDKROOT = iphoneos;
				TARGETED_DEVICE_FAMILY = "1,2";
				VALIDATE_PRODUCT = YES;
			};
			name = Release;
		};
		202E944C1C7D8F4F00C88104 /* Debug */ = {
			isa = XCBuildConfiguration;
			buildSettings = {
				ASSETCATALOG_COMPILER_APPICON_NAME = AppIcon;
				INFOPLIST_FILE = todolist2/Info.plist;
				LD_RUNPATH_SEARCH_PATHS = "$(inherited) @executable_path/Frameworks";
				PRODUCT_BUNDLE_IDENTIFIER = cs198.todolist2;
				PRODUCT_NAME = "$(TARGET_NAME)";
			};
			name = Debug;
		};
		202E944D1C7D8F4F00C88104 /* Release */ = {
			isa = XCBuildConfiguration;
			buildSettings = {
				ASSETCATALOG_COMPILER_APPICON_NAME = AppIcon;
				INFOPLIST_FILE = todolist2/Info.plist;
				LD_RUNPATH_SEARCH_PATHS = "$(inherited) @executable_path/Frameworks";
				PRODUCT_BUNDLE_IDENTIFIER = cs198.todolist2;
				PRODUCT_NAME = "$(TARGET_NAME)";
			};
			name = Release;
		};
		202E944F1C7D8F4F00C88104 /* Debug */ = {
			isa = XCBuildConfiguration;
			buildSettings = {
				BUNDLE_LOADER = "$(TEST_HOST)";
				INFOPLIST_FILE = todolist2Tests/Info.plist;
				LD_RUNPATH_SEARCH_PATHS = "$(inherited) @executable_path/Frameworks @loader_path/Frameworks";
				PRODUCT_BUNDLE_IDENTIFIER = cs198.todolist2Tests;
				PRODUCT_NAME = "$(TARGET_NAME)";
				TEST_HOST = "$(BUILT_PRODUCTS_DIR)/todolist2.app/todolist2";
			};
			name = Debug;
		};
		202E94501C7D8F4F00C88104 /* Release */ = {
			isa = XCBuildConfiguration;
			buildSettings = {
				BUNDLE_LOADER = "$(TEST_HOST)";
				INFOPLIST_FILE = todolist2Tests/Info.plist;
				LD_RUNPATH_SEARCH_PATHS = "$(inherited) @executable_path/Frameworks @loader_path/Frameworks";
				PRODUCT_BUNDLE_IDENTIFIER = cs198.todolist2Tests;
				PRODUCT_NAME = "$(TARGET_NAME)";
				TEST_HOST = "$(BUILT_PRODUCTS_DIR)/todolist2.app/todolist2";
			};
			name = Release;
		};
		202E94521C7D8F4F00C88104 /* Debug */ = {
			isa = XCBuildConfiguration;
			buildSettings = {
				INFOPLIST_FILE = todolist2UITests/Info.plist;
				LD_RUNPATH_SEARCH_PATHS = "$(inherited) @executable_path/Frameworks @loader_path/Frameworks";
				PRODUCT_BUNDLE_IDENTIFIER = cs198.todolist2UITests;
				PRODUCT_NAME = "$(TARGET_NAME)";
				TEST_TARGET_NAME = todolist2;
				USES_XCTRUNNER = YES;
			};
			name = Debug;
		};
		202E94531C7D8F4F00C88104 /* Release */ = {
			isa = XCBuildConfiguration;
			buildSettings = {
				INFOPLIST_FILE = todolist2UITests/Info.plist;
				LD_RUNPATH_SEARCH_PATHS = "$(inherited) @executable_path/Frameworks @loader_path/Frameworks";
				PRODUCT_BUNDLE_IDENTIFIER = cs198.todolist2UITests;
				PRODUCT_NAME = "$(TARGET_NAME)";
				TEST_TARGET_NAME = todolist2;
				USES_XCTRUNNER = YES;
			};
			name = Release;
		};
/* End XCBuildConfiguration section */

/* Begin XCConfigurationList section */
		202E941E1C7D8F4E00C88104 /* Build configuration list for PBXProject "todolist2" */ = {
			isa = XCConfigurationList;
			buildConfigurations = (
				202E94491C7D8F4F00C88104 /* Debug */,
				202E944A1C7D8F4F00C88104 /* Release */,
			);
			defaultConfigurationIsVisible = 0;
			defaultConfigurationName = Release;
		};
		202E944B1C7D8F4F00C88104 /* Build configuration list for PBXNativeTarget "todolist2" */ = {
			isa = XCConfigurationList;
			buildConfigurations = (
				202E944C1C7D8F4F00C88104 /* Debug */,
				202E944D1C7D8F4F00C88104 /* Release */,
			);
			defaultConfigurationIsVisible = 0;
			defaultConfigurationName = Release;
		};
		202E944E1C7D8F4F00C88104 /* Build configuration list for PBXNativeTarget "todolist2Tests" */ = {
			isa = XCConfigurationList;
			buildConfigurations = (
				202E944F1C7D8F4F00C88104 /* Debug */,
				202E94501C7D8F4F00C88104 /* Release */,
			);
			defaultConfigurationIsVisible = 0;
			defaultConfigurationName = Release;
		};
		202E94511C7D8F4F00C88104 /* Build configuration list for PBXNativeTarget "todolist2UITests" */ = {
			isa = XCConfigurationList;
			buildConfigurations = (
				202E94521C7D8F4F00C88104 /* Debug */,
				202E94531C7D8F4F00C88104 /* Release */,
			);
			defaultConfigurationIsVisible = 0;
			defaultConfigurationName = Release;
		};
/* End XCConfigurationList section */
	};
	rootObject = 202E941B1C7D8F4E00C88104 /* Project object */;
}
